
Microsoft Visual Studio Solution File, Format Version 12.00
# Visual Studio Version 17
VisualStudioVersion = 17.8.34309.116
MinimumVisualStudioVersion = 10.0.40219.1
Project("{8BC9CEB8-8B4A-11D0-8D11-00A0C91BC942}") = "lab11.1", "lab11.1.vcxproj", "{58C99F58-7094-4581-ABAE-EB90DE28E8A8}"
EndProject
Project("{8BC9CEB8-8B4A-11D0-8D11-00A0C91BC942}") = "lab 11.1(3)", "..\lab 11.1(3)\lab 11.1(3).vcxproj", "{7C84BF6F-342F-4091-9BBF-841190FF6E68}"
EndProject
Global
	GlobalSection(SolutionConfigurationPlatforms) = preSolution
		Debug|x64 = Debug|x64
		Debug|x86 = Debug|x86
		Release|x64 = Release|x64
		Release|x86 = Release|x86
	EndGlobalSection
	GlobalSection(ProjectConfigurationPlatforms) = postSolution
		{58C99F58-7094-4581-ABAE-EB90DE28E8A8}.Debug|x64.ActiveCfg = Debug|x64
		{58C99F58-7094-4581-ABAE-EB90DE28E8A8}.Debug|x64.Build.0 = Debug|x64
		{58C99F58-7094-4581-ABAE-EB90DE28E8A8}.Debug|x86.ActiveCfg = Debug|Win32
		{58C99F58-7094-4581-ABAE-EB90DE28E8A8}.Debug|x86.Build.0 = Debug|Win32
		{58C99F58-7094-4581-ABAE-EB90DE28E8A8}.Release|x64.ActiveCfg = Release|x64
		{58C99F58-7094-4581-ABAE-EB90DE28E8A8}.Release|x64.Build.0 = Release|x64
		{58C99F58-7094-4581-ABAE-EB90DE28E8A8}.Release|x86.ActiveCfg = Release|Win32
		{58C99F58-7094-4581-ABAE-EB90DE28E8A8}.Release|x86.Build.0 = Release|Win32
		{7C84BF6F-342F-4091-9BBF-841190FF6E68}.Debug|x64.ActiveCfg = Debug|x64
		{7C84BF6F-342F-4091-9BBF-841190FF6E68}.Debug|x64.Build.0 = Debug|x64
		{7C84BF6F-342F-4091-9BBF-841190FF6E68}.Debug|x86.ActiveCfg = Debug|Win32
		{7C84BF6F-342F-4091-9BBF-841190FF6E68}.Debug|x86.Build.0 = Debug|Win32
		{7C84BF6F-342F-4091-9BBF-841190FF6E68}.Release|x64.ActiveCfg = Release|x64
		{7C84BF6F-342F-4091-9BBF-841190FF6E68}.Release|x64.Build.0 = Release|x64
		{7C84BF6F-342F-4091-9BBF-841190FF6E68}.Release|x86.ActiveCfg = Release|Win32
		{7C84BF6F-342F-4091-9BBF-841190FF6E68}.Release|x86.Build.0 = Release|Win32
	EndGlobalSection
	GlobalSection(SolutionProperties) = preSolution
		HideSolutionNode = FALSE
	EndGlobalSection
	GlobalSection(ExtensibilityGlobals) = postSolution
		SolutionGuid = {D7DDF89C-E624-4821-BAFE-8BD999FD8C89}
	EndGlobalSection
EndGlobal
